
Microsoft Visual Studio Solution File, Format Version 12.00
# Visual Studio Version 17
VisualStudioVersion = 17.0.31912.275
MinimumVisualStudioVersion = 10.0.40219.1
Project("{888888A0-9F3D-457C-B088-3A5042F75D52}") = "MileStoneProject_1", "MileStoneProject_1.pyproj", "{818E502A-734C-4511-B6AB-2558129A78E1}"
EndProject
Global
	GlobalSection(SolutionConfigurationPlatforms) = preSolution
		Debug|Any CPU = Debug|Any CPU
		Release|Any CPU = Release|Any CPU
	EndGlobalSection
	GlobalSection(ProjectConfigurationPlatforms) = postSolution
		{818E502A-734C-4511-B6AB-2558129A78E1}.Debug|Any CPU.ActiveCfg = Debug|Any CPU
		{818E502A-734C-4511-B6AB-2558129A78E1}.Release|Any CPU.ActiveCfg = Release|Any CPU
	EndGlobalSection
	GlobalSection(SolutionProperties) = preSolution
		HideSolutionNode = FALSE
	EndGlobalSection
	GlobalSection(ExtensibilityGlobals) = postSolution
		SolutionGuid = {ED1FA2E6-B5A3-4038-990D-103314D1FAB7}
	EndGlobalSection
EndGlobal
